
Microsoft Visual Studio Solution File, Format Version 12.00
# Visual Studio Version 16
VisualStudioVersion = 16.0.29519.87
MinimumVisualStudioVersion = 10.0.40219.1
Project("{FAE04EC0-301F-11D3-BF4B-00C04F79EFBC}") = "navegarTelas", "navegarTelas\navegarTelas.csproj", "{0A41C970-2281-4F57-9C22-429DEBEAB4C6}"
EndProject
Global
	GlobalSection(SolutionConfigurationPlatforms) = preSolution
		Debug|Any CPU = Debug|Any CPU
		Release|Any CPU = Release|Any CPU
	EndGlobalSection
	GlobalSection(ProjectConfigurationPlatforms) = postSolution
		{0A41C970-2281-4F57-9C22-429DEBEAB4C6}.Debug|Any CPU.ActiveCfg = Debug|Any CPU
		{0A41C970-2281-4F57-9C22-429DEBEAB4C6}.Debug|Any CPU.Build.0 = Debug|Any CPU
		{0A41C970-2281-4F57-9C22-429DEBEAB4C6}.Release|Any CPU.ActiveCfg = Release|Any CPU
		{0A41C970-2281-4F57-9C22-429DEBEAB4C6}.Release|Any CPU.Build.0 = Release|Any CPU
	EndGlobalSection
	GlobalSection(SolutionProperties) = preSolution
		HideSolutionNode = FALSE
	EndGlobalSection
	GlobalSection(ExtensibilityGlobals) = postSolution
		SolutionGuid = {7FDF02D2-BB83-479F-A8E9-C415BA1C0226}
	EndGlobalSection
EndGlobal
